
Microsoft Visual Studio Solution File, Format Version 12.00
# Visual Studio 2013
VisualStudioVersion = 12.0.31101.0
MinimumVisualStudioVersion = 10.0.40219.1
Project("{F2A71F9B-5D33-465A-A702-920D77279786}") = "Jnx", "Jnx\Jnx.fsproj", "{DAD97EFF-CFFF-491B-8A49-0CF89D16C1DF}"
EndProject
Project("{2150E333-8FDC-42A3-9474-1A3956D46DE8}") = ".nuget", ".nuget", "{DE26D3F9-F8FE-450D-95AC-066FEC2E25A0}"
	ProjectSection(SolutionItems) = preProject
		.gitignore = .gitignore
		.nuget\packages.config = .nuget\packages.config
		paket.dependencies = paket.dependencies
	EndProjectSection
EndProject
Global
	GlobalSection(SolutionConfigurationPlatforms) = preSolution
		Debug|Any CPU = Debug|Any CPU
		Release|Any CPU = Release|Any CPU
	EndGlobalSection
	GlobalSection(ProjectConfigurationPlatforms) = postSolution
		{DAD97EFF-CFFF-491B-8A49-0CF89D16C1DF}.Debug|Any CPU.ActiveCfg = Debug|Any CPU
		{DAD97EFF-CFFF-491B-8A49-0CF89D16C1DF}.Debug|Any CPU.Build.0 = Debug|Any CPU
		{DAD97EFF-CFFF-491B-8A49-0CF89D16C1DF}.Release|Any CPU.ActiveCfg = Release|Any CPU
		{DAD97EFF-CFFF-491B-8A49-0CF89D16C1DF}.Release|Any CPU.Build.0 = Release|Any CPU
	EndGlobalSection
	GlobalSection(SolutionProperties) = preSolution
		HideSolutionNode = FALSE
	EndGlobalSection
EndGlobal
