
Microsoft Visual Studio Solution File, Format Version 12.00
# Visual Studio 2012
Project("{2150E333-8FDC-42A3-9474-1A3956D46DE8}") = "Solution Files", "Solution Files", "{A015733B-AD97-4B84-9B42-0AAB2C3A5691}"
	ProjectSection(SolutionItems) = preProject
		.gitignore = .gitignore
		README.md = README.md
	EndProjectSection
EndProject
Project("{4925A630-B079-445d-BCD4-3A9C94FE9307}") = "Jnx", "Jnx\Jnx.fsproj", "{54CA1B95-3DED-4420-AB1C-2E0160708D69}"
EndProject
Project("{2150E333-8FDC-42A3-9474-1A3956D46DE8}") = "Tasks", "Tasks", "{B03017E5-636F-4A73-8599-106B659E57FB}"
	ProjectSection(SolutionItems) = preProject
		Tasks\Deploy.fsx = Tasks\Deploy.fsx
		Tasks\Migrations.fsx = Tasks\Migrations.fsx
		Tasks\MigrationBase.fsx = Tasks\MigrationBase.fsx
	EndProjectSection
EndProject
Project("{2150E333-8FDC-42A3-9474-1A3956D46DE8}") = ".nuget", ".nuget", "{D1BC124E-E1C0-4005-AC92-57382A6D0547}"
	ProjectSection(SolutionItems) = preProject
		.nuget\packages.config = .nuget\packages.config
	EndProjectSection
EndProject
Project("{2150E333-8FDC-42A3-9474-1A3956D46DE8}") = "Migrations", "Migrations", "{6ECF293F-432F-4AAE-9316-AF8D7EC91682}"
	ProjectSection(SolutionItems) = preProject
		Migrations\201401271817_CreateCountries.fsx = Migrations\201401271817_CreateCountries.fsx
		Migrations\201405271707_CreateCoinages.fsx = Migrations\201405271707_CreateCoinages.fsx
		Migrations\201405281120_CreateCoins.fsx = Migrations\201405281120_CreateCoins.fsx
		Migrations\201406021258_CreateUsers.fsx = Migrations\201406021258_CreateUsers.fsx
	EndProjectSection
EndProject
Project("{4925A630-B079-445d-BCD4-3A9C94FE9307}") = "Jnx.Tasks", "Jnx.Tasks\Jnx.Tasks.fsproj", "{301FF209-5A0A-4F20-84DA-5DB7480208C3}"
EndProject
Global
	GlobalSection(SolutionConfigurationPlatforms) = preSolution
		Debug|x86 = Debug|x86
		Release|x86 = Release|x86
	EndGlobalSection
	GlobalSection(ProjectConfigurationPlatforms) = postSolution
		{301FF209-5A0A-4F20-84DA-5DB7480208C3}.Debug|x86.ActiveCfg = Debug|Any CPU
		{301FF209-5A0A-4F20-84DA-5DB7480208C3}.Debug|x86.Build.0 = Debug|Any CPU
		{301FF209-5A0A-4F20-84DA-5DB7480208C3}.Release|x86.ActiveCfg = Release|Any CPU
		{301FF209-5A0A-4F20-84DA-5DB7480208C3}.Release|x86.Build.0 = Release|Any CPU
		{54CA1B95-3DED-4420-AB1C-2E0160708D69}.Debug|x86.ActiveCfg = Debug|x86
		{54CA1B95-3DED-4420-AB1C-2E0160708D69}.Debug|x86.Build.0 = Debug|x86
		{54CA1B95-3DED-4420-AB1C-2E0160708D69}.Release|x86.ActiveCfg = Release|x86
		{54CA1B95-3DED-4420-AB1C-2E0160708D69}.Release|x86.Build.0 = Release|x86
	EndGlobalSection
	GlobalSection(NestedProjects) = preSolution
	EndGlobalSection
	GlobalSection(MonoDevelopProperties) = preSolution
		StartupItem = Jnx\Jnx.fsproj
	EndGlobalSection
	GlobalSection(SolutionProperties) = preSolution
		HideSolutionNode = FALSE
	EndGlobalSection
EndGlobal
